
Microsoft Visual Studio Solution File, Format Version 12.00
# Visual Studio Version 17
VisualStudioVersion = 17.13.35825.156 d17.13
MinimumVisualStudioVersion = 10.0.40219.1
Project("{FAE04EC0-301F-11D3-BF4B-00C04F79EFBC}") = "ObodMasjidBot", "ObodMasjidBot\ObodMasjidBot.csproj", "{717876FF-FECB-4D48-B000-70DCB2B2B70B}"
EndProject
Global
	GlobalSection(SolutionConfigurationPlatforms) = preSolution
		Debug|Any CPU = Debug|Any CPU
		Release|Any CPU = Release|Any CPU
	EndGlobalSection
	GlobalSection(ProjectConfigurationPlatforms) = postSolution
		{717876FF-FECB-4D48-B000-70DCB2B2B70B}.Debug|Any CPU.ActiveCfg = Debug|Any CPU
		{717876FF-FECB-4D48-B000-70DCB2B2B70B}.Debug|Any CPU.Build.0 = Debug|Any CPU
		{717876FF-FECB-4D48-B000-70DCB2B2B70B}.Release|Any CPU.ActiveCfg = Release|Any CPU
		{717876FF-FECB-4D48-B000-70DCB2B2B70B}.Release|Any CPU.Build.0 = Release|Any CPU
	EndGlobalSection
	GlobalSection(SolutionProperties) = preSolution
		HideSolutionNode = FALSE
	EndGlobalSection
	GlobalSection(ExtensibilityGlobals) = postSolution
		SolutionGuid = {255638C6-66B3-4A4B-8BCB-C57F7DF45403}
	EndGlobalSection
EndGlobal
